// !$*UTF8*$!
{
	archiveVersion = 1;
	classes = {
	};
	objectVersion = 77;
	objects = {

/* Begin PBXBuildFile section */
		C9F24D6C2E9E555C006874FD /* .gitignore in Resources */ = {isa = PBXBuildFile; fileRef = C9F24D6B2E9E5554006874FD /* .gitignore */; };
/* End PBXBuildFile section */

/* Begin PBXContainerItemProxy section */
		C9F24D3C2E9D3C8B006874FD /* PBXContainerItemProxy */ = {
			isa = PBXContainerItemProxy;
			containerPortal = C9F24D262E9D3C88006874FD /* Project object */;
			proxyType = 1;
			remoteGlobalIDString = C9F24D2D2E9D3C88006874FD;
			remoteInfo = "HACOHub-Receiver";
		};
		C9F24D462E9D3C8B006874FD /* PBXContainerItemProxy */ = {
			isa = PBXContainerItemProxy;
			containerPortal = C9F24D262E9D3C88006874FD /* Project object */;
			proxyType = 1;
			remoteGlobalIDString = C9F24D2D2E9D3C88006874FD;
			remoteInfo = "HACOHub-Receiver";
		};
/* End PBXContainerItemProxy section */

/* Begin PBXFileReference section */
		C9F24D2E2E9D3C89006874FD /* HACOHub-Receiver.app */ = {isa = PBXFileReference; explicitFileType = wrapper.application; includeInIndex = 0; path = "HACOHub-Receiver.app"; sourceTree = BUILT_PRODUCTS_DIR; };
		C9F24D3B2E9D3C8B006874FD /* HACOHub-ReceiverTests.xctest */ = {isa = PBXFileReference; explicitFileType = wrapper.cfbundle; includeInIndex = 0; path = "HACOHub-ReceiverTests.xctest"; sourceTree = BUILT_PRODUCTS_DIR; };
		C9F24D452E9D3C8B006874FD /* HACOHub-ReceiverUITests.xctest */ = {isa = PBXFileReference; explicitFileType = wrapper.cfbundle; includeInIndex = 0; path = "HACOHub-ReceiverUITests.xctest"; sourceTree = BUILT_PRODUCTS_DIR; };
		C9F24D6B2E9E5554006874FD /* .gitignore */ = {isa = PBXFileReference; lastKnownFileType = text; path = .gitignore; sourceTree = "<group>"; };
		C9F24D772EA07A90006874FD /* Secrets.xcconfig */ = {isa = PBXFileReference; lastKnownFileType = text.xcconfig; path = Secrets.xcconfig; sourceTree = "<group>"; };
/* End PBXFileReference section */

/* Begin PBXFileSystemSynchronizedBuildFileExceptionSet section */
		C9F24D7A2EA07F14006874FD /* Exceptions for "HACOHub-Receiver" folder in "HACOHub-Receiver" target */ = {
			isa = PBXFileSystemSynchronizedBuildFileExceptionSet;
			membershipExceptions = (
				Info.plist,
			);
			target = C9F24D2D2E9D3C88006874FD /* HACOHub-Receiver */;
		};
/* End PBXFileSystemSynchronizedBuildFileExceptionSet section */

/* Begin PBXFileSystemSynchronizedRootGroup section */
		C9F24D302E9D3C89006874FD /* HACOHub-Receiver */ = {
			isa = PBXFileSystemSynchronizedRootGroup;
			exceptions = (
				C9F24D7A2EA07F14006874FD /* Exceptions for "HACOHub-Receiver" folder in "HACOHub-Receiver" target */,
			);
			path = "HACOHub-Receiver";
			sourceTree = "<group>";
		};
		C9F24D3E2E9D3C8B006874FD /* HACOHub-ReceiverTests */ = {
			isa = PBXFileSystemSynchronizedRootGroup;
			path = "HACOHub-ReceiverTests";
			sourceTree = "<group>";
		};
		C9F24D482E9D3C8B006874FD /* HACOHub-ReceiverUITests */ = {
			isa = PBXFileSystemSynchronizedRootGroup;
			path = "HACOHub-ReceiverUITests";
			sourceTree = "<group>";
		};
/* End PBXFileSystemSynchronizedRootGroup section */

/* Begin PBXFrameworksBuildPhase section */
		C9F24D2B2E9D3C88006874FD /* Frameworks */ = {
			isa = PBXFrameworksBuildPhase;
			buildActionMask = 2147483647;
			files = (
			);
			runOnlyForDeploymentPostprocessing = 0;
		};
		C9F24D382E9D3C8B006874FD /* Frameworks */ = {
			isa = PBXFrameworksBuildPhase;
			buildActionMask = 2147483647;
			files = (
			);
			runOnlyForDeploymentPostprocessing = 0;
		};
		C9F24D422E9D3C8B006874FD /* Frameworks */ = {
			isa = PBXFrameworksBuildPhase;
			buildActionMask = 2147483647;
			files = (
			);
			runOnlyForDeploymentPostprocessing = 0;
		};
/* End PBXFrameworksBuildPhase section */

/* Begin PBXGroup section */
		C924499E2EA7F6E900A70FDE /* Recovered References */ = {
			isa = PBXGroup;
			children = (
				C9F24D772EA07A90006874FD /* Secrets.xcconfig */,
			);
			name = "Recovered References";
			sourceTree = "<group>";
		};
		C9F24D252E9D3C88006874FD = {
			isa = PBXGroup;
			children = (
				C9F24D6B2E9E5554006874FD /* .gitignore */,
				C9F24D302E9D3C89006874FD /* HACOHub-Receiver */,
				C9F24D3E2E9D3C8B006874FD /* HACOHub-ReceiverTests */,
				C9F24D482E9D3C8B006874FD /* HACOHub-ReceiverUITests */,
				C9F24D2F2E9D3C89006874FD /* Products */,
				C924499E2EA7F6E900A70FDE /* Recovered References */,
			);
			sourceTree = "<group>";
		};
		C9F24D2F2E9D3C89006874FD /* Products */ = {
			isa = PBXGroup;
			children = (
				C9F24D2E2E9D3C89006874FD /* HACOHub-Receiver.app */,
				C9F24D3B2E9D3C8B006874FD /* HACOHub-ReceiverTests.xctest */,
				C9F24D452E9D3C8B006874FD /* HACOHub-ReceiverUITests.xctest */,
			);
			name = Products;
			sourceTree = "<group>";
		};
/* End PBXGroup section */

/* Begin PBXNativeTarget section */
		C9F24D2D2E9D3C88006874FD /* HACOHub-Receiver */ = {
			isa = PBXNativeTarget;
			buildConfigurationList = C9F24D4F2E9D3C8B006874FD /* Build configuration list for PBXNativeTarget "HACOHub-Receiver" */;
			buildPhases = (
				C9F24D2A2E9D3C88006874FD /* Sources */,
				C9F24D2B2E9D3C88006874FD /* Frameworks */,
				C9F24D2C2E9D3C88006874FD /* Resources */,
			);
			buildRules = (
			);
			dependencies = (
			);
			fileSystemSynchronizedGroups = (
				C9F24D302E9D3C89006874FD /* HACOHub-Receiver */,
			);
			name = "HACOHub-Receiver";
			packageProductDependencies = (
			);
			productName = "HACOHub-Receiver";
			productReference = C9F24D2E2E9D3C89006874FD /* HACOHub-Receiver.app */;
			productType = "com.apple.product-type.application";
		};
		C9F24D3A2E9D3C8B006874FD /* HACOHub-ReceiverTests */ = {
			isa = PBXNativeTarget;
			buildConfigurationList = C9F24D522E9D3C8B006874FD /* Build configuration list for PBXNativeTarget "HACOHub-ReceiverTests" */;
			buildPhases = (
				C9F24D372E9D3C8B006874FD /* Sources */,
				C9F24D382E9D3C8B006874FD /* Frameworks */,
				C9F24D392E9D3C8B006874FD /* Resources */,
			);
			buildRules = (
			);
			dependencies = (
				C9F24D3D2E9D3C8B006874FD /* PBXTargetDependency */,
			);
			fileSystemSynchronizedGroups = (
				C9F24D3E2E9D3C8B006874FD /* HACOHub-ReceiverTests */,
			);
			name = "HACOHub-ReceiverTests";
			packageProductDependencies = (
			);
			productName = "HACOHub-ReceiverTests";
			productReference = C9F24D3B2E9D3C8B006874FD /* HACOHub-ReceiverTests.xctest */;
			productType = "com.apple.product-type.bundle.unit-test";
		};
		C9F24D442E9D3C8B006874FD /* HACOHub-ReceiverUITests */ = {
			isa = PBXNativeTarget;
			buildConfigurationList = C9F24D552E9D3C8B006874FD /* Build configuration list for PBXNativeTarget "HACOHub-ReceiverUITests" */;
			buildPhases = (
				C9F24D412E9D3C8B006874FD /* Sources */,
				C9F24D422E9D3C8B006874FD /* Frameworks */,
				C9F24D432E9D3C8B006874FD /* Resources */,
			);
			buildRules = (
			);
			dependencies = (
				C9F24D472E9D3C8B006874FD /* PBXTargetDependency */,
			);
			fileSystemSynchronizedGroups = (
				C9F24D482E9D3C8B006874FD /* HACOHub-ReceiverUITests */,
			);
			name = "HACOHub-ReceiverUITests";
			packageProductDependencies = (
			);
			productName = "HACOHub-ReceiverUITests";
			productReference = C9F24D452E9D3C8B006874FD /* HACOHub-ReceiverUITests.xctest */;
			productType = "com.apple.product-type.bundle.ui-testing";
		};
/* End PBXNativeTarget section */

/* Begin PBXProject section */
		C9F24D262E9D3C88006874FD /* Project object */ = {
			isa = PBXProject;
			attributes = {
				BuildIndependentTargetsInParallel = 1;
				LastSwiftUpdateCheck = 2600;
				LastUpgradeCheck = 2600;
				TargetAttributes = {
					C9F24D2D2E9D3C88006874FD = {
						CreatedOnToolsVersion = 26.0.1;
					};
					C9F24D3A2E9D3C8B006874FD = {
						CreatedOnToolsVersion = 26.0.1;
						TestTargetID = C9F24D2D2E9D3C88006874FD;
					};
					C9F24D442E9D3C8B006874FD = {
						CreatedOnToolsVersion = 26.0.1;
						TestTargetID = C9F24D2D2E9D3C88006874FD;
					};
				};
			};
			buildConfigurationList = C9F24D292E9D3C88006874FD /* Build configuration list for PBXProject "HACOHub-Receiver" */;
			developmentRegion = en;
			hasScannedForEncodings = 0;
			knownRegions = (
				en,
				Base,
			);
			mainGroup = C9F24D252E9D3C88006874FD;
			minimizedProjectReferenceProxies = 1;
			preferredProjectObjectVersion = 77;
			productRefGroup = C9F24D2F2E9D3C89006874FD /* Products */;
			projectDirPath = "";
			projectRoot = "";
			targets = (
				C9F24D2D2E9D3C88006874FD /* HACOHub-Receiver */,
				C9F24D3A2E9D3C8B006874FD /* HACOHub-ReceiverTests */,
				C9F24D442E9D3C8B006874FD /* HACOHub-ReceiverUITests */,
			);
		};
/* End PBXProject section */

/* Begin PBXResourcesBuildPhase section */
		C9F24D2C2E9D3C88006874FD /* Resources */ = {
			isa = PBXResourcesBuildPhase;
			buildActionMask = 2147483647;
			files = (
				C9F24D6C2E9E555C006874FD /* .gitignore in Resources */,
			);
			runOnlyForDeploymentPostprocessing = 0;
		};
		C9F24D392E9D3C8B006874FD /* Resources */ = {
			isa = PBXResourcesBuildPhase;
			buildActionMask = 2147483647;
			files = (
			);
			runOnlyForDeploymentPostprocessing = 0;
		};
		C9F24D432E9D3C8B006874FD /* Resources */ = {
			isa = PBXResourcesBuildPhase;
			buildActionMask = 2147483647;
			files = (
			);
			runOnlyForDeploymentPostprocessing = 0;
		};
/* End PBXResourcesBuildPhase section */

/* Begin PBXSourcesBuildPhase section */
		C9F24D2A2E9D3C88006874FD /* Sources */ = {
			isa = PBXSourcesBuildPhase;
			buildActionMask = 2147483647;
			files = (
			);
			runOnlyForDeploymentPostprocessing = 0;
		};
		C9F24D372E9D3C8B006874FD /* Sources */ = {
			isa = PBXSourcesBuildPhase;
			buildActionMask = 2147483647;
			files = (
			);
			runOnlyForDeploymentPostprocessing = 0;
		};
		C9F24D412E9D3C8B006874FD /* Sources */ = {
			isa = PBXSourcesBuildPhase;
			buildActionMask = 2147483647;
			files = (
			);
			runOnlyForDeploymentPostprocessing = 0;
		};
/* End PBXSourcesBuildPhase section */

/* Begin PBXTargetDependency section */
		C9F24D3D2E9D3C8B006874FD /* PBXTargetDependency */ = {
			isa = PBXTargetDependency;
			target = C9F24D2D2E9D3C88006874FD /* HACOHub-Receiver */;
			targetProxy = C9F24D3C2E9D3C8B006874FD /* PBXContainerItemProxy */;
		};
		C9F24D472E9D3C8B006874FD /* PBXTargetDependency */ = {
			isa = PBXTargetDependency;
			target = C9F24D2D2E9D3C88006874FD /* HACOHub-Receiver */;
			targetProxy = C9F24D462E9D3C8B006874FD /* PBXContainerItemProxy */;
		};
/* End PBXTargetDependency section */

/* Begin XCBuildConfiguration section */
		C9F24D4D2E9D3C8B006874FD /* Debug */ = {
			isa = XCBuildConfiguration;
			buildSettings = {
				ALWAYS_SEARCH_USER_PATHS = NO;
				ASSETCATALOG_COMPILER_GENERATE_SWIFT_ASSET_SYMBOL_EXTENSIONS = YES;
				CLANG_ANALYZER_NONNULL = YES;
				CLANG_ANALYZER_NUMBER_OBJECT_CONVERSION = YES_AGGRESSIVE;
				CLANG_CXX_LANGUAGE_STANDARD = "gnu++20";
				CLANG_ENABLE_MODULES = YES;
				CLANG_ENABLE_OBJC_ARC = YES;
				CLANG_ENABLE_OBJC_WEAK = YES;
				CLANG_WARN_BLOCK_CAPTURE_AUTORELEASING = YES;
				CLANG_WARN_BOOL_CONVERSION = YES;
				CLANG_WARN_COMMA = YES;
				CLANG_WARN_CONSTANT_CONVERSION = YES;
				CLANG_WARN_DEPRECATED_OBJC_IMPLEMENTATIONS = YES;
				CLANG_WARN_DIRECT_OBJC_ISA_USAGE = YES_ERROR;
				CLANG_WARN_DOCUMENTATION_COMMENTS = YES;
				CLANG_WARN_EMPTY_BODY = YES;
				CLANG_WARN_ENUM_CONVERSION = YES;
				CLANG_WARN_INFINITE_RECURSION = YES;
				CLANG_WARN_INT_CONVERSION = YES;
				CLANG_WARN_NON_LITERAL_NULL_CONVERSION = YES;
				CLANG_WARN_OBJC_IMPLICIT_RETAIN_SELF = YES;
				CLANG_WARN_OBJC_LITERAL_CONVERSION = YES;
				CLANG_WARN_OBJC_ROOT_CLASS = YES_ERROR;
				CLANG_WARN_QUOTED_INCLUDE_IN_FRAMEWORK_HEADER = YES;
				CLANG_WARN_RANGE_LOOP_ANALYSIS = YES;
				CLANG_WARN_STRICT_PROTOTYPES = YES;
				CLANG_WARN_SUSPICIOUS_MOVE = YES;
				CLANG_WARN_UNGUARDED_AVAILABILITY = YES_AGGRESSIVE;
				CLANG_WARN_UNREACHABLE_CODE = YES;
				CLANG_WARN__DUPLICATE_METHOD_MATCH = YES;
				COPY_PHASE_STRIP = NO;
				DEBUG_INFORMATION_FORMAT = dwarf;
				DEVELOPMENT_TEAM = 4SH7X72UQ9;
				ENABLE_STRICT_OBJC_MSGSEND = YES;
				ENABLE_TESTABILITY = YES;
				ENABLE_USER_SCRIPT_SANDBOXING = YES;
				GCC_C_LANGUAGE_STANDARD = gnu17;
				GCC_DYNAMIC_NO_PIC = NO;
				GCC_NO_COMMON_BLOCKS = YES;
				GCC_OPTIMIZATION_LEVEL = 0;
				GCC_PREPROCESSOR_DEFINITIONS = (
					"DEBUG=1",
					"$(inherited)",
				);
				GCC_WARN_64_TO_32_BIT_CONVERSION = YES;
				GCC_WARN_ABOUT_RETURN_TYPE = YES_ERROR;
				GCC_WARN_UNDECLARED_SELECTOR = YES;
				GCC_WARN_UNINITIALIZED_AUTOS = YES_AGGRESSIVE;
				GCC_WARN_UNUSED_FUNCTION = YES;
				GCC_WARN_UNUSED_VARIABLE = YES;
				IPHONEOS_DEPLOYMENT_TARGET = 26.0;
				LOCALIZATION_PREFERS_STRING_CATALOGS = YES;
				MTL_ENABLE_DEBUG_INFO = INCLUDE_SOURCE;
				MTL_FAST_MATH = YES;
				ONLY_ACTIVE_ARCH = YES;
				SDKROOT = iphoneos;
				SWIFT_ACTIVE_COMPILATION_CONDITIONS = "DEBUG $(inherited)";
				SWIFT_OPTIMIZATION_LEVEL = "-Onone";
			};
			name = Debug;
		};
		C9F24D4E2E9D3C8B006874FD /* Release */ = {
			isa = XCBuildConfiguration;
			buildSettings = {
				ALWAYS_SEARCH_USER_PATHS = NO;
				ASSETCATALOG_COMPILER_GENERATE_SWIFT_ASSET_SYMBOL_EXTENSIONS = YES;
				CLANG_ANALYZER_NONNULL = YES;
				CLANG_ANALYZER_NUMBER_OBJECT_CONVERSION = YES_AGGRESSIVE;
				CLANG_CXX_LANGUAGE_STANDARD = "gnu++20";
				CLANG_ENABLE_MODULES = YES;
				CLANG_ENABLE_OBJC_ARC = YES;
				CLANG_ENABLE_OBJC_WEAK = YES;
				CLANG_WARN_BLOCK_CAPTURE_AUTORELEASING = YES;
				CLANG_WARN_BOOL_CONVERSION = YES;
				CLANG_WARN_COMMA = YES;
				CLANG_WARN_CONSTANT_CONVERSION = YES;
				CLANG_WARN_DEPRECATED_OBJC_IMPLEMENTATIONS = YES;
				CLANG_WARN_DIRECT_OBJC_ISA_USAGE = YES_ERROR;
				CLANG_WARN_DOCUMENTATION_COMMENTS = YES;
				CLANG_WARN_EMPTY_BODY = YES;
				CLANG_WARN_ENUM_CONVERSION = YES;
				CLANG_WARN_INFINITE_RECURSION = YES;
				CLANG_WARN_INT_CONVERSION = YES;
				CLANG_WARN_NON_LITERAL_NULL_CONVERSION = YES;
				CLANG_WARN_OBJC_IMPLICIT_RETAIN_SELF = YES;
				CLANG_WARN_OBJC_LITERAL_CONVERSION = YES;
				CLANG_WARN_OBJC_ROOT_CLASS = YES_ERROR;
				CLANG_WARN_QUOTED_INCLUDE_IN_FRAMEWORK_HEADER = YES;
				CLANG_WARN_RANGE_LOOP_ANALYSIS = YES;
				CLANG_WARN_STRICT_PROTOTYPES = YES;
				CLANG_WARN_SUSPICIOUS_MOVE = YES;
				CLANG_WARN_UNGUARDED_AVAILABILITY = YES_AGGRESSIVE;
				CLANG_WARN_UNREACHABLE_CODE = YES;
				CLANG_WARN__DUPLICATE_METHOD_MATCH = YES;
				COPY_PHASE_STRIP = NO;
				DEBUG_INFORMATION_FORMAT = "dwarf-with-dsym";
				DEVELOPMENT_TEAM = 4SH7X72UQ9;
				ENABLE_NS_ASSERTIONS = NO;
				ENABLE_STRICT_OBJC_MSGSEND = YES;
				ENABLE_USER_SCRIPT_SANDBOXING = YES;
				GCC_C_LANGUAGE_STANDARD = gnu17;
				GCC_NO_COMMON_BLOCKS = YES;
				GCC_WARN_64_TO_32_BIT_CONVERSION = YES;
				GCC_WARN_ABOUT_RETURN_TYPE = YES_ERROR;
				GCC_WARN_UNDECLARED_SELECTOR = YES;
				GCC_WARN_UNINITIALIZED_AUTOS = YES_AGGRESSIVE;
				GCC_WARN_UNUSED_FUNCTION = YES;
				GCC_WARN_UNUSED_VARIABLE = YES;
				IPHONEOS_DEPLOYMENT_TARGET = 26.0;
				LOCALIZATION_PREFERS_STRING_CATALOGS = YES;
				MTL_ENABLE_DEBUG_INFO = NO;
				MTL_FAST_MATH = YES;
				SDKROOT = iphoneos;
				SWIFT_COMPILATION_MODE = wholemodule;
				VALIDATE_PRODUCT = YES;
			};
			name = Release;
		};
		C9F24D502E9D3C8B006874FD /* Debug */ = {
			isa = XCBuildConfiguration;
			baseConfigurationReferenceAnchor = C9F24D302E9D3C89006874FD /* HACOHub-Receiver */;
			baseConfigurationReferenceRelativePath = Config/Secrets.xcconfig;
			buildSettings = {
				ASSETCATALOG_COMPILER_APPICON_NAME = AppIcon;
				ASSETCATALOG_COMPILER_GLOBAL_ACCENT_COLOR_NAME = AccentColor;
				CODE_SIGN_STYLE = Automatic;
				CURRENT_PROJECT_VERSION = 1;
				DEVELOPMENT_TEAM = 4SH7X72UQ9;
				ENABLE_PREVIEWS = YES;
				GENERATE_INFOPLIST_FILE = YES;
				INFOPLIST_FILE = "HACOHub-Receiver/Info.plist";
				INFOPLIST_KEY_NSBluetoothAlwaysUsageDescription = "バックグラウンドでも BLE 通信可能";
				INFOPLIST_KEY_NSBluetoothWhileInUseUsageDescription = "アプリ使用時のみBLE通信可能";
				INFOPLIST_KEY_NSCameraUsageDescription = "QRコード読み取りのためにカメラを使用します";
				INFOPLIST_KEY_UIApplicationSceneManifest_Generation = YES;
				INFOPLIST_KEY_UIApplicationSupportsIndirectInputEvents = YES;
				INFOPLIST_KEY_UILaunchScreen_Generation = YES;
				INFOPLIST_KEY_UISupportedInterfaceOrientations_iPad = "UIInterfaceOrientationPortrait UIInterfaceOrientationPortraitUpsideDown UIInterfaceOrientationLandscapeLeft UIInterfaceOrientationLandscapeRight";
				INFOPLIST_KEY_UISupportedInterfaceOrientations_iPhone = "UIInterfaceOrientationPortrait UIInterfaceOrientationLandscapeLeft UIInterfaceOrientationLandscapeRight";
				LD_RUNPATH_SEARCH_PATHS = (
					"$(inherited)",
					"@executable_path/Frameworks",
				);
				MARKETING_VERSION = 1.0;
				PRODUCT_BUNDLE_IDENTIFIER = "TakuyaAsaoka.HACOHub-Receiver";
				PRODUCT_NAME = "$(TARGET_NAME)";
				STRING_CATALOG_GENERATE_SYMBOLS = YES;
				SWIFT_APPROACHABLE_CONCURRENCY = YES;
				SWIFT_DEFAULT_ACTOR_ISOLATION = MainActor;
				SWIFT_EMIT_LOC_STRINGS = YES;
				SWIFT_UPCOMING_FEATURE_MEMBER_IMPORT_VISIBILITY = YES;
				SWIFT_VERSION = 5.0;
				TARGETED_DEVICE_FAMILY = "1,2";
			};
			name = Debug;
		};
		C9F24D512E9D3C8B006874FD /* Release */ = {
			isa = XCBuildConfiguration;
			baseConfigurationReferenceAnchor = C9F24D302E9D3C89006874FD /* HACOHub-Receiver */;
			baseConfigurationReferenceRelativePath = Config/Secrets.xcconfig;
			buildSettings = {
				ASSETCATALOG_COMPILER_APPICON_NAME = AppIcon;
				ASSETCATALOG_COMPILER_GLOBAL_ACCENT_COLOR_NAME = AccentColor;
				CODE_SIGN_STYLE = Automatic;
				CURRENT_PROJECT_VERSION = 1;
				DEVELOPMENT_TEAM = 4SH7X72UQ9;
				ENABLE_PREVIEWS = YES;
				GENERATE_INFOPLIST_FILE = YES;
				INFOPLIST_FILE = "HACOHub-Receiver/Info.plist";
				INFOPLIST_KEY_NSBluetoothAlwaysUsageDescription = "バックグラウンドでも BLE 通信可能";
				INFOPLIST_KEY_NSBluetoothWhileInUseUsageDescription = "アプリ使用時のみBLE通信可能";
				INFOPLIST_KEY_NSCameraUsageDescription = "QRコード読み取りのためにカメラを使用します";
				INFOPLIST_KEY_UIApplicationSceneManifest_Generation = YES;
				INFOPLIST_KEY_UIApplicationSupportsIndirectInputEvents = YES;
				INFOPLIST_KEY_UILaunchScreen_Generation = YES;
				INFOPLIST_KEY_UISupportedInterfaceOrientations_iPad = "UIInterfaceOrientationPortrait UIInterfaceOrientationPortraitUpsideDown UIInterfaceOrientationLandscapeLeft UIInterfaceOrientationLandscapeRight";
				INFOPLIST_KEY_UISupportedInterfaceOrientations_iPhone = "UIInterfaceOrientationPortrait UIInterfaceOrientationLandscapeLeft UIInterfaceOrientationLandscapeRight";
				LD_RUNPATH_SEARCH_PATHS = (
					"$(inherited)",
					"@executable_path/Frameworks",
				);
				MARKETING_VERSION = 1.0;
				PRODUCT_BUNDLE_IDENTIFIER = "TakuyaAsaoka.HACOHub-Receiver";
				PRODUCT_NAME = "$(TARGET_NAME)";
				STRING_CATALOG_GENERATE_SYMBOLS = YES;
				SWIFT_APPROACHABLE_CONCURRENCY = YES;
				SWIFT_DEFAULT_ACTOR_ISOLATION = MainActor;
				SWIFT_EMIT_LOC_STRINGS = YES;
				SWIFT_UPCOMING_FEATURE_MEMBER_IMPORT_VISIBILITY = YES;
				SWIFT_VERSION = 5.0;
				TARGETED_DEVICE_FAMILY = "1,2";
			};
			name = Release;
		};
		C9F24D532E9D3C8B006874FD /* Debug */ = {
			isa = XCBuildConfiguration;
			buildSettings = {
				BUNDLE_LOADER = "$(TEST_HOST)";
				CODE_SIGN_STYLE = Automatic;
				CURRENT_PROJECT_VERSION = 1;
				DEVELOPMENT_TEAM = 4SH7X72UQ9;
				GENERATE_INFOPLIST_FILE = YES;
				IPHONEOS_DEPLOYMENT_TARGET = 26.0;
				MARKETING_VERSION = 1.0;
				PRODUCT_BUNDLE_IDENTIFIER = "TakuyaAsaoka.HACOHub-ReceiverTests";
				PRODUCT_NAME = "$(TARGET_NAME)";
				STRING_CATALOG_GENERATE_SYMBOLS = NO;
				SWIFT_APPROACHABLE_CONCURRENCY = YES;
				SWIFT_EMIT_LOC_STRINGS = NO;
				SWIFT_UPCOMING_FEATURE_MEMBER_IMPORT_VISIBILITY = YES;
				SWIFT_VERSION = 5.0;
				TARGETED_DEVICE_FAMILY = "1,2";
				TEST_HOST = "$(BUILT_PRODUCTS_DIR)/HACOHub-Receiver.app/$(BUNDLE_EXECUTABLE_FOLDER_PATH)/HACOHub-Receiver";
			};
			name = Debug;
		};
		C9F24D542E9D3C8B006874FD /* Release */ = {
			isa = XCBuildConfiguration;
			buildSettings = {
				BUNDLE_LOADER = "$(TEST_HOST)";
				CODE_SIGN_STYLE = Automatic;
				CURRENT_PROJECT_VERSION = 1;
				DEVELOPMENT_TEAM = 4SH7X72UQ9;
				GENERATE_INFOPLIST_FILE = YES;
				IPHONEOS_DEPLOYMENT_TARGET = 26.0;
				MARKETING_VERSION = 1.0;
				PRODUCT_BUNDLE_IDENTIFIER = "TakuyaAsaoka.HACOHub-ReceiverTests";
				PRODUCT_NAME = "$(TARGET_NAME)";
				STRING_CATALOG_GENERATE_SYMBOLS = NO;
				SWIFT_APPROACHABLE_CONCURRENCY = YES;
				SWIFT_EMIT_LOC_STRINGS = NO;
				SWIFT_UPCOMING_FEATURE_MEMBER_IMPORT_VISIBILITY = YES;
				SWIFT_VERSION = 5.0;
				TARGETED_DEVICE_FAMILY = "1,2";
				TEST_HOST = "$(BUILT_PRODUCTS_DIR)/HACOHub-Receiver.app/$(BUNDLE_EXECUTABLE_FOLDER_PATH)/HACOHub-Receiver";
			};
			name = Release;
		};
		C9F24D562E9D3C8B006874FD /* Debug */ = {
			isa = XCBuildConfiguration;
			buildSettings = {
				CODE_SIGN_STYLE = Automatic;
				CURRENT_PROJECT_VERSION = 1;
				DEVELOPMENT_TEAM = 4SH7X72UQ9;
				GENERATE_INFOPLIST_FILE = YES;
				MARKETING_VERSION = 1.0;
				PRODUCT_BUNDLE_IDENTIFIER = "TakuyaAsaoka.HACOHub-ReceiverUITests";
				PRODUCT_NAME = "$(TARGET_NAME)";
				STRING_CATALOG_GENERATE_SYMBOLS = NO;
				SWIFT_APPROACHABLE_CONCURRENCY = YES;
				SWIFT_EMIT_LOC_STRINGS = NO;
				SWIFT_UPCOMING_FEATURE_MEMBER_IMPORT_VISIBILITY = YES;
				SWIFT_VERSION = 5.0;
				TARGETED_DEVICE_FAMILY = "1,2";
				TEST_TARGET_NAME = "HACOHub-Receiver";
			};
			name = Debug;
		};
		C9F24D572E9D3C8B006874FD /* Release */ = {
			isa = XCBuildConfiguration;
			buildSettings = {
				CODE_SIGN_STYLE = Automatic;
				CURRENT_PROJECT_VERSION = 1;
				DEVELOPMENT_TEAM = 4SH7X72UQ9;
				GENERATE_INFOPLIST_FILE = YES;
				MARKETING_VERSION = 1.0;
				PRODUCT_BUNDLE_IDENTIFIER = "TakuyaAsaoka.HACOHub-ReceiverUITests";
				PRODUCT_NAME = "$(TARGET_NAME)";
				STRING_CATALOG_GENERATE_SYMBOLS = NO;
				SWIFT_APPROACHABLE_CONCURRENCY = YES;
				SWIFT_EMIT_LOC_STRINGS = NO;
				SWIFT_UPCOMING_FEATURE_MEMBER_IMPORT_VISIBILITY = YES;
				SWIFT_VERSION = 5.0;
				TARGETED_DEVICE_FAMILY = "1,2";
				TEST_TARGET_NAME = "HACOHub-Receiver";
			};
			name = Release;
		};
/* End XCBuildConfiguration section */

/* Begin XCConfigurationList section */
		C9F24D292E9D3C88006874FD /* Build configuration list for PBXProject "HACOHub-Receiver" */ = {
			isa = XCConfigurationList;
			buildConfigurations = (
				C9F24D4D2E9D3C8B006874FD /* Debug */,
				C9F24D4E2E9D3C8B006874FD /* Release */,
			);
			defaultConfigurationIsVisible = 0;
			defaultConfigurationName = Release;
		};
		C9F24D4F2E9D3C8B006874FD /* Build configuration list for PBXNativeTarget "HACOHub-Receiver" */ = {
			isa = XCConfigurationList;
			buildConfigurations = (
				C9F24D502E9D3C8B006874FD /* Debug */,
				C9F24D512E9D3C8B006874FD /* Release */,
			);
			defaultConfigurationIsVisible = 0;
			defaultConfigurationName = Release;
		};
		C9F24D522E9D3C8B006874FD /* Build configuration list for PBXNativeTarget "HACOHub-ReceiverTests" */ = {
			isa = XCConfigurationList;
			buildConfigurations = (
				C9F24D532E9D3C8B006874FD /* Debug */,
				C9F24D542E9D3C8B006874FD /* Release */,
			);
			defaultConfigurationIsVisible = 0;
			defaultConfigurationName = Release;
		};
		C9F24D552E9D3C8B006874FD /* Build configuration list for PBXNativeTarget "HACOHub-ReceiverUITests" */ = {
			isa = XCConfigurationList;
			buildConfigurations = (
				C9F24D562E9D3C8B006874FD /* Debug */,
				C9F24D572E9D3C8B006874FD /* Release */,
			);
			defaultConfigurationIsVisible = 0;
			defaultConfigurationName = Release;
		};
/* End XCConfigurationList section */
	};
	rootObject = C9F24D262E9D3C88006874FD /* Project object */;
}
